
Microsoft Visual Studio Solution File, Format Version 11.00
# Visual Studio 2010
Project("{FAE04EC0-301F-11D3-BF4B-00C04F79EFBC}") = "EmptyProject", "EmptyProject\EmptyProject.csproj", "{676D06B2-D2B1-434F-A709-286833CAE2CC}"
EndProject
Project("{FAE04EC0-301F-11D3-BF4B-00C04F79EFBC}") = "EmptyProject.Tests", "EmptyProject.Tests\EmptyProject.Tests.csproj", "{F713CE24-8D28-4A3E-9C49-F5FFF315CF25}"
EndProject
Global
	GlobalSection(SolutionConfigurationPlatforms) = preSolution
		Debug|Any CPU = Debug|Any CPU
		Release|Any CPU = Release|Any CPU
	EndGlobalSection
	GlobalSection(ProjectConfigurationPlatforms) = postSolution
		{676D06B2-D2B1-434F-A709-286833CAE2CC}.Debug|Any CPU.ActiveCfg = Debug|Any CPU
		{676D06B2-D2B1-434F-A709-286833CAE2CC}.Debug|Any CPU.Build.0 = Debug|Any CPU
		{676D06B2-D2B1-434F-A709-286833CAE2CC}.Release|Any CPU.ActiveCfg = Release|Any CPU
		{676D06B2-D2B1-434F-A709-286833CAE2CC}.Release|Any CPU.Build.0 = Release|Any CPU
		{F713CE24-8D28-4A3E-9C49-F5FFF315CF25}.Debug|Any CPU.ActiveCfg = Debug|Any CPU
		{F713CE24-8D28-4A3E-9C49-F5FFF315CF25}.Debug|Any CPU.Build.0 = Debug|Any CPU
		{F713CE24-8D28-4A3E-9C49-F5FFF315CF25}.Release|Any CPU.ActiveCfg = Release|Any CPU
		{F713CE24-8D28-4A3E-9C49-F5FFF315CF25}.Release|Any CPU.Build.0 = Release|Any CPU
	EndGlobalSection
	GlobalSection(SolutionProperties) = preSolution
		HideSolutionNode = FALSE
	EndGlobalSection
EndGlobal
